
Microsoft Visual Studio Solution File, Format Version 12.00
# Visual Studio Version 16
VisualStudioVersion = 16.0.29503.13
MinimumVisualStudioVersion = 10.0.40219.1
Project("{FAE04EC0-301F-11D3-BF4B-00C04F79EFBC}") = "TheMindSleepSort", "TheMindSleepSort.csproj", "{ABC95A70-754D-4755-B964-92B4C5DF1769}"
EndProject
Global
	GlobalSection(SolutionConfigurationPlatforms) = preSolution
		Debug|Any CPU = Debug|Any CPU
		Release|Any CPU = Release|Any CPU
	EndGlobalSection
	GlobalSection(ProjectConfigurationPlatforms) = postSolution
		{ABC95A70-754D-4755-B964-92B4C5DF1769}.Debug|Any CPU.ActiveCfg = Debug|Any CPU
		{ABC95A70-754D-4755-B964-92B4C5DF1769}.Debug|Any CPU.Build.0 = Debug|Any CPU
		{ABC95A70-754D-4755-B964-92B4C5DF1769}.Release|Any CPU.ActiveCfg = Release|Any CPU
		{ABC95A70-754D-4755-B964-92B4C5DF1769}.Release|Any CPU.Build.0 = Release|Any CPU
	EndGlobalSection
	GlobalSection(SolutionProperties) = preSolution
		HideSolutionNode = FALSE
	EndGlobalSection
	GlobalSection(ExtensibilityGlobals) = postSolution
		SolutionGuid = {D28EAEF4-929E-454D-8671-6789C6C4C651}
	EndGlobalSection
EndGlobal
